// !$*UTF8*$!
{
	archiveVersion = 1;
	classes = {
	};
	objectVersion = 46;
	objects = {

/* Begin PBXBuildFile section */
		8916C1E21C7266B6003E12C8 /* ACDueDate+CoreDataProperties.m in Sources */ = {isa = PBXBuildFile; fileRef = 8916C1E11C7266B6003E12C8 /* ACDueDate+CoreDataProperties.m */; };
		891DCD051BC9305300940F9E /* ACReminderDateTableViewCell.m in Sources */ = {isa = PBXBuildFile; fileRef = 891DCD041BC9305300940F9E /* ACReminderDateTableViewCell.m */; };
		891DCD081BC930FD00940F9E /* ACReminder.m in Sources */ = {isa = PBXBuildFile; fileRef = 891DCD071BC930FD00940F9E /* ACReminder.m */; };
		892AD6F21C664B0E00CC8253 /* ACTask.m in Sources */ = {isa = PBXBuildFile; fileRef = 892AD6F11C664B0E00CC8253 /* ACTask.m */; };
		892BB8E21BFC8763005F1482 /* ACCategoryTableViewCell.m in Sources */ = {isa = PBXBuildFile; fileRef = 892BB8E11BFC8763005F1482 /* ACCategoryTableViewCell.m */; };
		892BB8EF1BFC95CC005F1482 /* ACDueDateTableViewCell.m in Sources */ = {isa = PBXBuildFile; fileRef = 892BB8EE1BFC95CC005F1482 /* ACDueDateTableViewCell.m */; };
		8930F0381BBE695300F2EEEC /* main.m in Sources */ = {isa = PBXBuildFile; fileRef = 8930F0371BBE695300F2EEEC /* main.m */; };
		8930F03B1BBE695300F2EEEC /* AppDelegate.m in Sources */ = {isa = PBXBuildFile; fileRef = 8930F03A1BBE695300F2EEEC /* AppDelegate.m */; };
		8930F0411BBE695300F2EEEC /* Main.storyboard in Resources */ = {isa = PBXBuildFile; fileRef = 8930F03F1BBE695300F2EEEC /* Main.storyboard */; };
		8930F0441BBE695300F2EEEC /* Accomplish.xcdatamodeld in Sources */ = {isa = PBXBuildFile; fileRef = 8930F0421BBE695300F2EEEC /* Accomplish.xcdatamodeld */; };
		8930F0461BBE695300F2EEEC /* Assets.xcassets in Resources */ = {isa = PBXBuildFile; fileRef = 8930F0451BBE695300F2EEEC /* Assets.xcassets */; };
		8930F0491BBE695300F2EEEC /* LaunchScreen.storyboard in Resources */ = {isa = PBXBuildFile; fileRef = 8930F0471BBE695300F2EEEC /* LaunchScreen.storyboard */; };
		8930F0541BBE695300F2EEEC /* AccomplishTests.m in Sources */ = {isa = PBXBuildFile; fileRef = 8930F0531BBE695300F2EEEC /* AccomplishTests.m */; };
		8930F05F1BBE695300F2EEEC /* AccomplishUITests.m in Sources */ = {isa = PBXBuildFile; fileRef = 8930F05E1BBE695300F2EEEC /* AccomplishUITests.m */; };
		8930F06E1BBE698900F2EEEC /* ACViewController.m in Sources */ = {isa = PBXBuildFile; fileRef = 8930F06D1BBE698900F2EEEC /* ACViewController.m */; };
		8930F0741BBE735D00F2EEEC /* ACAddTaskViewController.m in Sources */ = {isa = PBXBuildFile; fileRef = 8930F0731BBE735D00F2EEEC /* ACAddTaskViewController.m */; };
		8949F8B21C70D95300DD02B7 /* ACTask+CoreDataProperties.m in Sources */ = {isa = PBXBuildFile; fileRef = 8949F8B11C70D95300DD02B7 /* ACTask+CoreDataProperties.m */; };
		8949F8B81C70D98600DD02B7 /* ACDueDate.m in Sources */ = {isa = PBXBuildFile; fileRef = 8949F8B61C70D98600DD02B7 /* ACDueDate.m */; };
		8949F8C51C70FF8200DD02B7 /* ACCategory+CoreDataProperties.m in Sources */ = {isa = PBXBuildFile; fileRef = 8949F8C41C70FF8200DD02B7 /* ACCategory+CoreDataProperties.m */; };
		8949F8CF1C71B87600DD02B7 /* UIApplication+CoreData.m in Sources */ = {isa = PBXBuildFile; fileRef = 8949F8CD1C71B87600DD02B7 /* UIApplication+CoreData.m */; };
		894E72951C4758580089CA0E /* BVReorderTableView.m in Sources */ = {isa = PBXBuildFile; fileRef = 894E72941C4758580089CA0E /* BVReorderTableView.m */; };
		894F45831BCEB98F00B5DB96 /* ACTableViewCell.m in Sources */ = {isa = PBXBuildFile; fileRef = 894F45821BCEB98F00B5DB96 /* ACTableViewCell.m */; };
		89595A3A1BBFAA2F006C2331 /* ACSelectCategoryViewController.m in Sources */ = {isa = PBXBuildFile; fileRef = 89595A391BBFAA2F006C2331 /* ACSelectCategoryViewController.m */; };
		89600BD91BC2EF9200973E5C /* ACPriority.m in Sources */ = {isa = PBXBuildFile; fileRef = 89600BD81BC2EF9200973E5C /* ACPriority.m */; };
		896FC6471C6481290045A7A2 /* SSCoreData.m in Sources */ = {isa = PBXBuildFile; fileRef = 896FC6461C6481290045A7A2 /* SSCoreData.m */; };
		8997BC111CBBE9260026DF56 /* ACSelectCategoryTableViewCell.m in Sources */ = {isa = PBXBuildFile; fileRef = 8997BC101CBBE9260026DF56 /* ACSelectCategoryTableViewCell.m */; };
		89AA95A91BF32B4A006CEE2F /* MGSwipeButton.m in Sources */ = {isa = PBXBuildFile; fileRef = 89AA95A61BF32B4A006CEE2F /* MGSwipeButton.m */; };
		89AA95AA1BF32B4A006CEE2F /* MGSwipeTableCell.m in Sources */ = {isa = PBXBuildFile; fileRef = 89AA95A81BF32B4A006CEE2F /* MGSwipeTableCell.m */; };
		89AD99BB1BBFC53100FBACE5 /* ACAddCategoryViewController.m in Sources */ = {isa = PBXBuildFile; fileRef = 89AD99BA1BBFC53100FBACE5 /* ACAddCategoryViewController.m */; };
		89BE9A451C72745300E321BC /* NSDateFormatter+HelperMethods.m in Sources */ = {isa = PBXBuildFile; fileRef = 89BE9A441C72745300E321BC /* NSDateFormatter+HelperMethods.m */; };
		89BE9A481C72759600E321BC /* UIDatePicker+HelperMethods.m in Sources */ = {isa = PBXBuildFile; fileRef = 89BE9A471C72759600E321BC /* UIDatePicker+HelperMethods.m */; };
		89C99CF11BC838F20079C60A /* ACPriorityPickerTableViewCell.m in Sources */ = {isa = PBXBuildFile; fileRef = 89C99CF01BC838F20079C60A /* ACPriorityPickerTableViewCell.m */; };
		89E566811C6CE5B30023D60C /* UIColor+FlatColors.m in Sources */ = {isa = PBXBuildFile; fileRef = 89E566801C6CE5B30023D60C /* UIColor+FlatColors.m */; };
		89E566841C6D1FF30023D60C /* MBAutoGrowingTextView.m in Sources */ = {isa = PBXBuildFile; fileRef = 89E566821C6D1FF30023D60C /* MBAutoGrowingTextView.m */; };
		89F1900D1C0F80AF0026719B /* ACDueDatePickerCell.m in Sources */ = {isa = PBXBuildFile; fileRef = 89F1900C1C0F80AF0026719B /* ACDueDatePickerCell.m */; };
		89FD79D91C2868A8005AD0D5 /* ACCategory.m in Sources */ = {isa = PBXBuildFile; fileRef = 89FD79D71C2868A8005AD0D5 /* ACCategory.m */; };
/* End PBXBuildFile section */

/* Begin PBXContainerItemProxy section */
		8930F0501BBE695300F2EEEC /* PBXContainerItemProxy */ = {
			isa = PBXContainerItemProxy;
			containerPortal = 8930F02B1BBE695300F2EEEC /* Project object */;
			proxyType = 1;
			remoteGlobalIDString = 8930F0321BBE695300F2EEEC;
			remoteInfo = Accomplish;
		};
		8930F05B1BBE695300F2EEEC /* PBXContainerItemProxy */ = {
			isa = PBXContainerItemProxy;
			containerPortal = 8930F02B1BBE695300F2EEEC /* Project object */;
			proxyType = 1;
			remoteGlobalIDString = 8930F0321BBE695300F2EEEC;
			remoteInfo = Accomplish;
		};
/* End PBXContainerItemProxy section */

/* Begin PBXFileReference section */
		8916C1E01C7266B6003E12C8 /* ACDueDate+CoreDataProperties.h */ = {isa = PBXFileReference; fileEncoding = 4; lastKnownFileType = sourcecode.c.h; name = "ACDueDate+CoreDataProperties.h"; path = "../ACDueDate+CoreDataProperties.h"; sourceTree = "<group>"; };
		8916C1E11C7266B6003E12C8 /* ACDueDate+CoreDataProperties.m */ = {isa = PBXFileReference; fileEncoding = 4; lastKnownFileType = sourcecode.c.objc; name = "ACDueDate+CoreDataProperties.m"; path = "../ACDueDate+CoreDataProperties.m"; sourceTree = "<group>"; };
		891DCD031BC9305300940F9E /* ACReminderDateTableViewCell.h */ = {isa = PBXFileReference; fileEncoding = 4; lastKnownFileType = sourcecode.c.h; path = ACReminderDateTableViewCell.h; sourceTree = "<group>"; };
		891DCD041BC9305300940F9E /* ACReminderDateTableViewCell.m */ = {isa = PBXFileReference; fileEncoding = 4; lastKnownFileType = sourcecode.c.objc; path = ACReminderDateTableViewCell.m; sourceTree = "<group>"; };
		891DCD061BC930FD00940F9E /* ACReminder.h */ = {isa = PBXFileReference; fileEncoding = 4; lastKnownFileType = sourcecode.c.h; path = ACReminder.h; sourceTree = "<group>"; };
		891DCD071BC930FD00940F9E /* ACReminder.m */ = {isa = PBXFileReference; fileEncoding = 4; lastKnownFileType = sourcecode.c.objc; path = ACReminder.m; sourceTree = "<group>"; };
		892AD6F01C664B0800CC8253 /* ACTask.h */ = {isa = PBXFileReference; lastKnownFileType = sourcecode.c.h; path = ACTask.h; sourceTree = "<group>"; };
		892AD6F11C664B0E00CC8253 /* ACTask.m */ = {isa = PBXFileReference; fileEncoding = 4; lastKnownFileType = sourcecode.c.objc; path = ACTask.m; sourceTree = "<group>"; };
		892BB8E01BFC8763005F1482 /* ACCategoryTableViewCell.h */ = {isa = PBXFileReference; fileEncoding = 4; lastKnownFileType = sourcecode.c.h; path = ACCategoryTableViewCell.h; sourceTree = "<group>"; };
		892BB8E11BFC8763005F1482 /* ACCategoryTableViewCell.m */ = {isa = PBXFileReference; fileEncoding = 4; lastKnownFileType = sourcecode.c.objc; path = ACCategoryTableViewCell.m; sourceTree = "<group>"; };
		892BB8ED1BFC95CC005F1482 /* ACDueDateTableViewCell.h */ = {isa = PBXFileReference; fileEncoding = 4; lastKnownFileType = sourcecode.c.h; path = ACDueDateTableViewCell.h; sourceTree = "<group>"; };
		892BB8EE1BFC95CC005F1482 /* ACDueDateTableViewCell.m */ = {isa = PBXFileReference; fileEncoding = 4; lastKnownFileType = sourcecode.c.objc; path = ACDueDateTableViewCell.m; sourceTree = "<group>"; };
		8930F0331BBE695300F2EEEC /* Accomplish.app */ = {isa = PBXFileReference; explicitFileType = wrapper.application; includeInIndex = 0; path = Accomplish.app; sourceTree = BUILT_PRODUCTS_DIR; };
		8930F0371BBE695300F2EEEC /* main.m */ = {isa = PBXFileReference; lastKnownFileType = sourcecode.c.objc; path = main.m; sourceTree = "<group>"; };
		8930F0391BBE695300F2EEEC /* AppDelegate.h */ = {isa = PBXFileReference; lastKnownFileType = sourcecode.c.h; path = AppDelegate.h; sourceTree = "<group>"; };
		8930F03A1BBE695300F2EEEC /* AppDelegate.m */ = {isa = PBXFileReference; lastKnownFileType = sourcecode.c.objc; path = AppDelegate.m; sourceTree = "<group>"; };
		8930F0401BBE695300F2EEEC /* Base */ = {isa = PBXFileReference; lastKnownFileType = file.storyboard; name = Base; path = Base.lproj/Main.storyboard; sourceTree = "<group>"; };
		8930F0431BBE695300F2EEEC /* Accomplish.xcdatamodel */ = {isa = PBXFileReference; lastKnownFileType = wrapper.xcdatamodel; path = Accomplish.xcdatamodel; sourceTree = "<group>"; };
		8930F0451BBE695300F2EEEC /* Assets.xcassets */ = {isa = PBXFileReference; lastKnownFileType = folder.assetcatalog; path = Assets.xcassets; sourceTree = "<group>"; };
		8930F0481BBE695300F2EEEC /* Base */ = {isa = PBXFileReference; lastKnownFileType = file.storyboard; name = Base; path = Base.lproj/LaunchScreen.storyboard; sourceTree = "<group>"; };
		8930F04A1BBE695300F2EEEC /* Info.plist */ = {isa = PBXFileReference; lastKnownFileType = text.plist.xml; path = Info.plist; sourceTree = "<group>"; };
		8930F04F1BBE695300F2EEEC /* AccomplishTests.xctest */ = {isa = PBXFileReference; explicitFileType = wrapper.cfbundle; includeInIndex = 0; path = AccomplishTests.xctest; sourceTree = BUILT_PRODUCTS_DIR; };
		8930F0531BBE695300F2EEEC /* AccomplishTests.m */ = {isa = PBXFileReference; lastKnownFileType = sourcecode.c.objc; path = AccomplishTests.m; sourceTree = "<group>"; };
		8930F0551BBE695300F2EEEC /* Info.plist */ = {isa = PBXFileReference; lastKnownFileType = text.plist.xml; path = Info.plist; sourceTree = "<group>"; };
		8930F05A1BBE695300F2EEEC /* AccomplishUITests.xctest */ = {isa = PBXFileReference; explicitFileType = wrapper.cfbundle; includeInIndex = 0; path = AccomplishUITests.xctest; sourceTree = BUILT_PRODUCTS_DIR; };
		8930F05E1BBE695300F2EEEC /* AccomplishUITests.m */ = {isa = PBXFileReference; lastKnownFileType = sourcecode.c.objc; path = AccomplishUITests.m; sourceTree = "<group>"; };
		8930F0601BBE695300F2EEEC /* Info.plist */ = {isa = PBXFileReference; lastKnownFileType = text.plist.xml; path = Info.plist; sourceTree = "<group>"; };
		8930F06C1BBE698900F2EEEC /* ACViewController.h */ = {isa = PBXFileReference; fileEncoding = 4; lastKnownFileType = sourcecode.c.h; path = ACViewController.h; sourceTree = "<group>"; };
		8930F06D1BBE698900F2EEEC /* ACViewController.m */ = {isa = PBXFileReference; fileEncoding = 4; lastKnownFileType = sourcecode.c.objc; path = ACViewController.m; sourceTree = "<group>"; usesTabs = 0; };
		8930F0721BBE735D00F2EEEC /* ACAddTaskViewController.h */ = {isa = PBXFileReference; fileEncoding = 4; lastKnownFileType = sourcecode.c.h; path = ACAddTaskViewController.h; sourceTree = "<group>"; };
		8930F0731BBE735D00F2EEEC /* ACAddTaskViewController.m */ = {isa = PBXFileReference; fileEncoding = 4; lastKnownFileType = sourcecode.c.objc; path = ACAddTaskViewController.m; sourceTree = "<group>"; };
		8949F8B01C70D95300DD02B7 /* ACTask+CoreDataProperties.h */ = {isa = PBXFileReference; fileEncoding = 4; lastKnownFileType = sourcecode.c.h; name = "ACTask+CoreDataProperties.h"; path = "../ACTask+CoreDataProperties.h"; sourceTree = "<group>"; };
		8949F8B11C70D95300DD02B7 /* ACTask+CoreDataProperties.m */ = {isa = PBXFileReference; fileEncoding = 4; lastKnownFileType = sourcecode.c.objc; name = "ACTask+CoreDataProperties.m"; path = "../ACTask+CoreDataProperties.m"; sourceTree = "<group>"; };
		8949F8B51C70D98600DD02B7 /* ACDueDate.h */ = {isa = PBXFileReference; fileEncoding = 4; lastKnownFileType = sourcecode.c.h; name = ACDueDate.h; path = ../ACDueDate.h; sourceTree = "<group>"; };
		8949F8B61C70D98600DD02B7 /* ACDueDate.m */ = {isa = PBXFileReference; fileEncoding = 4; lastKnownFileType = sourcecode.c.objc; name = ACDueDate.m; path = ../ACDueDate.m; sourceTree = "<group>"; };
		8949F8C31C70FF8200DD02B7 /* ACCategory+CoreDataProperties.h */ = {isa = PBXFileReference; fileEncoding = 4; lastKnownFileType = sourcecode.c.h; name = "ACCategory+CoreDataProperties.h"; path = "../ACCategory+CoreDataProperties.h"; sourceTree = "<group>"; };
		8949F8C41C70FF8200DD02B7 /* ACCategory+CoreDataProperties.m */ = {isa = PBXFileReference; fileEncoding = 4; lastKnownFileType = sourcecode.c.objc; name = "ACCategory+CoreDataProperties.m"; path = "../ACCategory+CoreDataProperties.m"; sourceTree = "<group>"; };
		8949F8CD1C71B87600DD02B7 /* UIApplication+CoreData.m */ = {isa = PBXFileReference; fileEncoding = 4; lastKnownFileType = sourcecode.c.objc; path = "UIApplication+CoreData.m"; sourceTree = "<group>"; };
		8949F8CE1C71B87600DD02B7 /* UIApplication+CoreData.h */ = {isa = PBXFileReference; fileEncoding = 4; lastKnownFileType = sourcecode.c.h; path = "UIApplication+CoreData.h"; sourceTree = "<group>"; };
		894E72931C4758580089CA0E /* BVReorderTableView.h */ = {isa = PBXFileReference; fileEncoding = 4; lastKnownFileType = sourcecode.c.h; path = BVReorderTableView.h; sourceTree = "<group>"; };
		894E72941C4758580089CA0E /* BVReorderTableView.m */ = {isa = PBXFileReference; fileEncoding = 4; lastKnownFileType = sourcecode.c.objc; path = BVReorderTableView.m; sourceTree = "<group>"; };
		894F45811BCEB98F00B5DB96 /* ACTableViewCell.h */ = {isa = PBXFileReference; fileEncoding = 4; lastKnownFileType = sourcecode.c.h; path = ACTableViewCell.h; sourceTree = "<group>"; };
		894F45821BCEB98F00B5DB96 /* ACTableViewCell.m */ = {isa = PBXFileReference; fileEncoding = 4; lastKnownFileType = sourcecode.c.objc; path = ACTableViewCell.m; sourceTree = "<group>"; };
		89595A381BBFAA2F006C2331 /* ACSelectCategoryViewController.h */ = {isa = PBXFileReference; fileEncoding = 4; lastKnownFileType = sourcecode.c.h; path = ACSelectCategoryViewController.h; sourceTree = "<group>"; };
		89595A391BBFAA2F006C2331 /* ACSelectCategoryViewController.m */ = {isa = PBXFileReference; fileEncoding = 4; lastKnownFileType = sourcecode.c.objc; path = ACSelectCategoryViewController.m; sourceTree = "<group>"; };
		89600BD71BC2EF9200973E5C /* ACPriority.h */ = {isa = PBXFileReference; fileEncoding = 4; lastKnownFileType = sourcecode.c.h; path = ACPriority.h; sourceTree = "<group>"; };
		89600BD81BC2EF9200973E5C /* ACPriority.m */ = {isa = PBXFileReference; fileEncoding = 4; lastKnownFileType = sourcecode.c.objc; path = ACPriority.m; sourceTree = "<group>"; };
		896FC6451C6481290045A7A2 /* SSCoreData.h */ = {isa = PBXFileReference; fileEncoding = 4; lastKnownFileType = sourcecode.c.h; path = SSCoreData.h; sourceTree = "<group>"; };
		896FC6461C6481290045A7A2 /* SSCoreData.m */ = {isa = PBXFileReference; fileEncoding = 4; lastKnownFileType = sourcecode.c.objc; path = SSCoreData.m; sourceTree = "<group>"; };
		8997BC0F1CBBE9260026DF56 /* ACSelectCategoryTableViewCell.h */ = {isa = PBXFileReference; fileEncoding = 4; lastKnownFileType = sourcecode.c.h; path = ACSelectCategoryTableViewCell.h; sourceTree = "<group>"; };
		8997BC101CBBE9260026DF56 /* ACSelectCategoryTableViewCell.m */ = {isa = PBXFileReference; fileEncoding = 4; lastKnownFileType = sourcecode.c.objc; path = ACSelectCategoryTableViewCell.m; sourceTree = "<group>"; };
		89AA95A51BF32B4A006CEE2F /* MGSwipeButton.h */ = {isa = PBXFileReference; fileEncoding = 4; lastKnownFileType = sourcecode.c.h; path = MGSwipeButton.h; sourceTree = "<group>"; };
		89AA95A61BF32B4A006CEE2F /* MGSwipeButton.m */ = {isa = PBXFileReference; fileEncoding = 4; lastKnownFileType = sourcecode.c.objc; path = MGSwipeButton.m; sourceTree = "<group>"; };
		89AA95A71BF32B4A006CEE2F /* MGSwipeTableCell.h */ = {isa = PBXFileReference; fileEncoding = 4; lastKnownFileType = sourcecode.c.h; path = MGSwipeTableCell.h; sourceTree = "<group>"; };
		89AA95A81BF32B4A006CEE2F /* MGSwipeTableCell.m */ = {isa = PBXFileReference; fileEncoding = 4; lastKnownFileType = sourcecode.c.objc; path = MGSwipeTableCell.m; sourceTree = "<group>"; };
		89AD99B91BBFC53100FBACE5 /* ACAddCategoryViewController.h */ = {isa = PBXFileReference; fileEncoding = 4; lastKnownFileType = sourcecode.c.h; path = ACAddCategoryViewController.h; sourceTree = "<group>"; };
		89AD99BA1BBFC53100FBACE5 /* ACAddCategoryViewController.m */ = {isa = PBXFileReference; fileEncoding = 4; lastKnownFileType = sourcecode.c.objc; path = ACAddCategoryViewController.m; sourceTree = "<group>"; };
		89BE9A431C72745300E321BC /* NSDateFormatter+HelperMethods.h */ = {isa = PBXFileReference; fileEncoding = 4; lastKnownFileType = sourcecode.c.h; path = "NSDateFormatter+HelperMethods.h"; sourceTree = "<group>"; };
		89BE9A441C72745300E321BC /* NSDateFormatter+HelperMethods.m */ = {isa = PBXFileReference; fileEncoding = 4; lastKnownFileType = sourcecode.c.objc; path = "NSDateFormatter+HelperMethods.m"; sourceTree = "<group>"; };
		89BE9A461C72759600E321BC /* UIDatePicker+HelperMethods.h */ = {isa = PBXFileReference; fileEncoding = 4; lastKnownFileType = sourcecode.c.h; path = "UIDatePicker+HelperMethods.h"; sourceTree = "<group>"; };
		89BE9A471C72759600E321BC /* UIDatePicker+HelperMethods.m */ = {isa = PBXFileReference; fileEncoding = 4; lastKnownFileType = sourcecode.c.objc; path = "UIDatePicker+HelperMethods.m"; sourceTree = "<group>"; };
		89C99CEF1BC838F20079C60A /* ACPriorityPickerTableViewCell.h */ = {isa = PBXFileReference; fileEncoding = 4; lastKnownFileType = sourcecode.c.h; path = ACPriorityPickerTableViewCell.h; sourceTree = "<group>"; };
		89C99CF01BC838F20079C60A /* ACPriorityPickerTableViewCell.m */ = {isa = PBXFileReference; fileEncoding = 4; lastKnownFileType = sourcecode.c.objc; path = ACPriorityPickerTableViewCell.m; sourceTree = "<group>"; };
		89E5667F1C6CE5B30023D60C /* UIColor+FlatColors.h */ = {isa = PBXFileReference; fileEncoding = 4; lastKnownFileType = sourcecode.c.h; path = "UIColor+FlatColors.h"; sourceTree = "<group>"; };
		89E566801C6CE5B30023D60C /* UIColor+FlatColors.m */ = {isa = PBXFileReference; fileEncoding = 4; lastKnownFileType = sourcecode.c.objc; path = "UIColor+FlatColors.m"; sourceTree = "<group>"; };
		89E566821C6D1FF30023D60C /* MBAutoGrowingTextView.m */ = {isa = PBXFileReference; fileEncoding = 4; lastKnownFileType = sourcecode.c.objc; path = MBAutoGrowingTextView.m; sourceTree = "<group>"; };
		89E566831C6D1FF30023D60C /* MBAutoGrowingTextView.h */ = {isa = PBXFileReference; fileEncoding = 4; lastKnownFileType = sourcecode.c.h; path = MBAutoGrowingTextView.h; sourceTree = "<group>"; };
		89F1900B1C0F80AF0026719B /* ACDueDatePickerCell.h */ = {isa = PBXFileReference; fileEncoding = 4; lastKnownFileType = sourcecode.c.h; path = ACDueDatePickerCell.h; sourceTree = "<group>"; };
		89F1900C1C0F80AF0026719B /* ACDueDatePickerCell.m */ = {isa = PBXFileReference; fileEncoding = 4; lastKnownFileType = sourcecode.c.objc; path = ACDueDatePickerCell.m; sourceTree = "<group>"; };
		89FD79D61C2868A8005AD0D5 /* ACCategory.h */ = {isa = PBXFileReference; fileEncoding = 4; lastKnownFileType = sourcecode.c.h; name = ACCategory.h; path = ../ACCategory.h; sourceTree = "<group>"; };
		89FD79D71C2868A8005AD0D5 /* ACCategory.m */ = {isa = PBXFileReference; fileEncoding = 4; lastKnownFileType = sourcecode.c.objc; name = ACCategory.m; path = ../ACCategory.m; sourceTree = "<group>"; };
/* End PBXFileReference section */

/* Begin PBXFrameworksBuildPhase section */
		8930F0301BBE695300F2EEEC /* Frameworks */ = {
			isa = PBXFrameworksBuildPhase;
			buildActionMask = 2147483647;
			files = (
			);
			runOnlyForDeploymentPostprocessing = 0;
		};
		8930F04C1BBE695300F2EEEC /* Frameworks */ = {
			isa = PBXFrameworksBuildPhase;
			buildActionMask = 2147483647;
			files = (
			);
			runOnlyForDeploymentPostprocessing = 0;
		};
		8930F0571BBE695300F2EEEC /* Frameworks */ = {
			isa = PBXFrameworksBuildPhase;
			buildActionMask = 2147483647;
			files = (
			);
			runOnlyForDeploymentPostprocessing = 0;
		};
/* End PBXFrameworksBuildPhase section */

/* Begin PBXGroup section */
		890FD9AE1C2C76B800B67D67 /* ACCategory */ = {
			isa = PBXGroup;
			children = (
				8949F8C31C70FF8200DD02B7 /* ACCategory+CoreDataProperties.h */,
				8949F8C41C70FF8200DD02B7 /* ACCategory+CoreDataProperties.m */,
				89FD79D61C2868A8005AD0D5 /* ACCategory.h */,
				89FD79D71C2868A8005AD0D5 /* ACCategory.m */,
			);
			name = ACCategory;
			sourceTree = "<group>";
		};
		891DCD091BC94A1800940F9E /* Task Properties */ = {
			isa = PBXGroup;
			children = (
				890FD9AE1C2C76B800B67D67 /* ACCategory */,
				8949F8B91C70D99D00DD02B7 /* ACDueDate */,
				8949F8C61C71B6BE00DD02B7 /* ACReminder */,
				8949F8C71C71B6CB00DD02B7 /* ACPriority */,
			);
			name = "Task Properties";
			sourceTree = "<group>";
		};
		891DCD0A1BC94A4D00940F9E /* Table Cells */ = {
			isa = PBXGroup;
			children = (
				8997BC0F1CBBE9260026DF56 /* ACSelectCategoryTableViewCell.h */,
				8997BC101CBBE9260026DF56 /* ACSelectCategoryTableViewCell.m */,
				89F1900B1C0F80AF0026719B /* ACDueDatePickerCell.h */,
				89F1900C1C0F80AF0026719B /* ACDueDatePickerCell.m */,
				892BB8ED1BFC95CC005F1482 /* ACDueDateTableViewCell.h */,
				892BB8EE1BFC95CC005F1482 /* ACDueDateTableViewCell.m */,
				892BB8E01BFC8763005F1482 /* ACCategoryTableViewCell.h */,
				892BB8E11BFC8763005F1482 /* ACCategoryTableViewCell.m */,
				894F45811BCEB98F00B5DB96 /* ACTableViewCell.h */,
				894F45821BCEB98F00B5DB96 /* ACTableViewCell.m */,
				891DCD031BC9305300940F9E /* ACReminderDateTableViewCell.h */,
				891DCD041BC9305300940F9E /* ACReminderDateTableViewCell.m */,
				89C99CEF1BC838F20079C60A /* ACPriorityPickerTableViewCell.h */,
				89C99CF01BC838F20079C60A /* ACPriorityPickerTableViewCell.m */,
			);
			name = "Table Cells";
			sourceTree = "<group>";
		};
		891DCD0B1BC94A7100940F9E /* Task */ = {
			isa = PBXGroup;
			children = (
				891DCD091BC94A1800940F9E /* Task Properties */,
				8949F8B01C70D95300DD02B7 /* ACTask+CoreDataProperties.h */,
				8949F8B11C70D95300DD02B7 /* ACTask+CoreDataProperties.m */,
				892AD6F01C664B0800CC8253 /* ACTask.h */,
				892AD6F11C664B0E00CC8253 /* ACTask.m */,
			);
			name = Task;
			sourceTree = "<group>";
		};
		891DCD0C1BC94A8A00940F9E /* View Controllers */ = {
			isa = PBXGroup;
			children = (
				8930F06C1BBE698900F2EEEC /* ACViewController.h */,
				8930F06D1BBE698900F2EEEC /* ACViewController.m */,
				8930F0721BBE735D00F2EEEC /* ACAddTaskViewController.h */,
				8930F0731BBE735D00F2EEEC /* ACAddTaskViewController.m */,
				89595A381BBFAA2F006C2331 /* ACSelectCategoryViewController.h */,
				89595A391BBFAA2F006C2331 /* ACSelectCategoryViewController.m */,
				89AD99B91BBFC53100FBACE5 /* ACAddCategoryViewController.h */,
				89AD99BA1BBFC53100FBACE5 /* ACAddCategoryViewController.m */,
			);
			name = "View Controllers";
			sourceTree = "<group>";
		};
		891DCD0D1BC94A9600940F9E /* App Delegation */ = {
			isa = PBXGroup;
			children = (
				8930F0391BBE695300F2EEEC /* AppDelegate.h */,
				8930F03A1BBE695300F2EEEC /* AppDelegate.m */,
			);
			name = "App Delegation";
			sourceTree = "<group>";
		};
		8930F02A1BBE695300F2EEEC = {
			isa = PBXGroup;
			children = (
				8930F0351BBE695300F2EEEC /* Accomplish */,
				8930F0521BBE695300F2EEEC /* AccomplishTests */,
				8930F05D1BBE695300F2EEEC /* AccomplishUITests */,
				8930F0341BBE695300F2EEEC /* Products */,
			);
			sourceTree = "<group>";
		};
		8930F0341BBE695300F2EEEC /* Products */ = {
			isa = PBXGroup;
			children = (
				8930F0331BBE695300F2EEEC /* Accomplish.app */,
				8930F04F1BBE695300F2EEEC /* AccomplishTests.xctest */,
				8930F05A1BBE695300F2EEEC /* AccomplishUITests.xctest */,
			);
			name = Products;
			sourceTree = "<group>";
		};
		8930F0351BBE695300F2EEEC /* Accomplish */ = {
			isa = PBXGroup;
			children = (
				89BE9A431C72745300E321BC /* NSDateFormatter+HelperMethods.h */,
				89BE9A441C72745300E321BC /* NSDateFormatter+HelperMethods.m */,
				89BE9A461C72759600E321BC /* UIDatePicker+HelperMethods.h */,
				89BE9A471C72759600E321BC /* UIDatePicker+HelperMethods.m */,
				8930F03F1BBE695300F2EEEC /* Main.storyboard */,
				891DCD0C1BC94A8A00940F9E /* View Controllers */,
				891DCD0B1BC94A7100940F9E /* Task */,
				8949F8D01C71B88000DD02B7 /* Core Data */,
				891DCD0A1BC94A4D00940F9E /* Table Cells */,
				8949F8CB1C71B78900DD02B7 /* External Dependencies */,
				891DCD0D1BC94A9600940F9E /* App Delegation */,
				8930F0451BBE695300F2EEEC /* Assets.xcassets */,
				8930F0471BBE695300F2EEEC /* LaunchScreen.storyboard */,
				8930F04A1BBE695300F2EEEC /* Info.plist */,
				8930F0421BBE695300F2EEEC /* Accomplish.xcdatamodeld */,
				8930F0361BBE695300F2EEEC /* Supporting Files */,
			);
			path = Accomplish;
			sourceTree = "<group>";
		};
		8930F0361BBE695300F2EEEC /* Supporting Files */ = {
			isa = PBXGroup;
			children = (
				8930F0371BBE695300F2EEEC /* main.m */,
			);
			name = "Supporting Files";
			sourceTree = "<group>";
		};
		8930F0521BBE695300F2EEEC /* AccomplishTests */ = {
			isa = PBXGroup;
			children = (
				8930F0531BBE695300F2EEEC /* AccomplishTests.m */,
				8930F0551BBE695300F2EEEC /* Info.plist */,
			);
			path = AccomplishTests;
			sourceTree = "<group>";
		};
		8930F05D1BBE695300F2EEEC /* AccomplishUITests */ = {
			isa = PBXGroup;
			children = (
				8930F05E1BBE695300F2EEEC /* AccomplishUITests.m */,
				8930F0601BBE695300F2EEEC /* Info.plist */,
			);
			path = AccomplishUITests;
			sourceTree = "<group>";
		};
		8949F8B91C70D99D00DD02B7 /* ACDueDate */ = {
			isa = PBXGroup;
			children = (
				8916C1E01C7266B6003E12C8 /* ACDueDate+CoreDataProperties.h */,
				8916C1E11C7266B6003E12C8 /* ACDueDate+CoreDataProperties.m */,
				8949F8B51C70D98600DD02B7 /* ACDueDate.h */,
				8949F8B61C70D98600DD02B7 /* ACDueDate.m */,
			);
			name = ACDueDate;
			sourceTree = "<group>";
		};
		8949F8C61C71B6BE00DD02B7 /* ACReminder */ = {
			isa = PBXGroup;
			children = (
				891DCD061BC930FD00940F9E /* ACReminder.h */,
				891DCD071BC930FD00940F9E /* ACReminder.m */,
			);
			name = ACReminder;
			sourceTree = "<group>";
		};
		8949F8C71C71B6CB00DD02B7 /* ACPriority */ = {
			isa = PBXGroup;
			children = (
				89600BD71BC2EF9200973E5C /* ACPriority.h */,
				89600BD81BC2EF9200973E5C /* ACPriority.m */,
			);
			name = ACPriority;
			sourceTree = "<group>";
		};
		8949F8C81C71B74200DD02B7 /* MGSwipeTableViewCell */ = {
			isa = PBXGroup;
			children = (
				89AA95A51BF32B4A006CEE2F /* MGSwipeButton.h */,
				89AA95A61BF32B4A006CEE2F /* MGSwipeButton.m */,
				89AA95A71BF32B4A006CEE2F /* MGSwipeTableCell.h */,
				89AA95A81BF32B4A006CEE2F /* MGSwipeTableCell.m */,
			);
			name = MGSwipeTableViewCell;
			sourceTree = "<group>";
		};
		8949F8C91C71B76A00DD02B7 /* MBAutoGrowingTextView */ = {
			isa = PBXGroup;
			children = (
				89E566831C6D1FF30023D60C /* MBAutoGrowingTextView.h */,
				89E566821C6D1FF30023D60C /* MBAutoGrowingTextView.m */,
			);
			name = MBAutoGrowingTextView;
			sourceTree = "<group>";
		};
		8949F8CA1C71B77E00DD02B7 /* BVReorderTableView */ = {
			isa = PBXGroup;
			children = (
				894E72931C4758580089CA0E /* BVReorderTableView.h */,
				894E72941C4758580089CA0E /* BVReorderTableView.m */,
			);
			name = BVReorderTableView;
			sourceTree = "<group>";
		};
		8949F8CB1C71B78900DD02B7 /* External Dependencies */ = {
			isa = PBXGroup;
			children = (
				8949F8CA1C71B77E00DD02B7 /* BVReorderTableView */,
				8949F8CC1C71B7B900DD02B7 /* Flat Colors */,
				8949F8C91C71B76A00DD02B7 /* MBAutoGrowingTextView */,
				8949F8C81C71B74200DD02B7 /* MGSwipeTableViewCell */,
			);
			name = "External Dependencies";
			sourceTree = "<group>";
		};
		8949F8CC1C71B7B900DD02B7 /* Flat Colors */ = {
			isa = PBXGroup;
			children = (
				89E5667F1C6CE5B30023D60C /* UIColor+FlatColors.h */,
				89E566801C6CE5B30023D60C /* UIColor+FlatColors.m */,
			);
			name = "Flat Colors";
			sourceTree = "<group>";
		};
		8949F8D01C71B88000DD02B7 /* Core Data */ = {
			isa = PBXGroup;
			children = (
				8949F8CD1C71B87600DD02B7 /* UIApplication+CoreData.m */,
				8949F8CE1C71B87600DD02B7 /* UIApplication+CoreData.h */,
				896FC6451C6481290045A7A2 /* SSCoreData.h */,
				896FC6461C6481290045A7A2 /* SSCoreData.m */,
			);
			name = "Core Data";
			sourceTree = "<group>";
		};
/* End PBXGroup section */

/* Begin PBXNativeTarget section */
		8930F0321BBE695300F2EEEC /* Accomplish */ = {
			isa = PBXNativeTarget;
			buildConfigurationList = 8930F0631BBE695300F2EEEC /* Build configuration list for PBXNativeTarget "Accomplish" */;
			buildPhases = (
				8930F02F1BBE695300F2EEEC /* Sources */,
				8930F0301BBE695300F2EEEC /* Frameworks */,
				8930F0311BBE695300F2EEEC /* Resources */,
				OBJCLEANCUSTOMRUNSCRIPTT /* Objective-Clean Run Script */,
			);
			buildRules = (
			);
			dependencies = (
			);
			name = Accomplish;
			productName = Accomplish;
			productReference = 8930F0331BBE695300F2EEEC /* Accomplish.app */;
			productType = "com.apple.product-type.application";
		};
		8930F04E1BBE695300F2EEEC /* AccomplishTests */ = {
			isa = PBXNativeTarget;
			buildConfigurationList = 8930F0661BBE695300F2EEEC /* Build configuration list for PBXNativeTarget "AccomplishTests" */;
			buildPhases = (
				8930F04B1BBE695300F2EEEC /* Sources */,
				8930F04C1BBE695300F2EEEC /* Frameworks */,
				8930F04D1BBE695300F2EEEC /* Resources */,
			);
			buildRules = (
			);
			dependencies = (
				8930F0511BBE695300F2EEEC /* PBXTargetDependency */,
			);
			name = AccomplishTests;
			productName = AccomplishTests;
			productReference = 8930F04F1BBE695300F2EEEC /* AccomplishTests.xctest */;
			productType = "com.apple.product-type.bundle.unit-test";
		};
		8930F0591BBE695300F2EEEC /* AccomplishUITests */ = {
			isa = PBXNativeTarget;
			buildConfigurationList = 8930F0691BBE695300F2EEEC /* Build configuration list for PBXNativeTarget "AccomplishUITests" */;
			buildPhases = (
				8930F0561BBE695300F2EEEC /* Sources */,
				8930F0571BBE695300F2EEEC /* Frameworks */,
				8930F0581BBE695300F2EEEC /* Resources */,
			);
			buildRules = (
			);
			dependencies = (
				8930F05C1BBE695300F2EEEC /* PBXTargetDependency */,
			);
			name = AccomplishUITests;
			productName = AccomplishUITests;
			productReference = 8930F05A1BBE695300F2EEEC /* AccomplishUITests.xctest */;
			productType = "com.apple.product-type.bundle.ui-testing";
		};
/* End PBXNativeTarget section */

/* Begin PBXProject section */
		8930F02B1BBE695300F2EEEC /* Project object */ = {
			isa = PBXProject;
			attributes = {
				LastUpgradeCheck = 0710;
				ORGANIZATIONNAME = "Shrijit Singh";
				TargetAttributes = {
					8930F0321BBE695300F2EEEC = {
						CreatedOnToolsVersion = 7.1;
						DevelopmentTeam = 5K7387L2WX;
					};
					8930F04E1BBE695300F2EEEC = {
						CreatedOnToolsVersion = 7.1;
						DevelopmentTeam = 5K7387L2WX;
						TestTargetID = 8930F0321BBE695300F2EEEC;
					};
					8930F0591BBE695300F2EEEC = {
						CreatedOnToolsVersion = 7.1;
						DevelopmentTeam = 5K7387L2WX;
						TestTargetID = 8930F0321BBE695300F2EEEC;
					};
				};
			};
			buildConfigurationList = 8930F02E1BBE695300F2EEEC /* Build configuration list for PBXProject "Accomplish" */;
			compatibilityVersion = "Xcode 3.2";
			developmentRegion = English;
			hasScannedForEncodings = 0;
			knownRegions = (
				en,
				Base,
			);
			mainGroup = 8930F02A1BBE695300F2EEEC;
			productRefGroup = 8930F0341BBE695300F2EEEC /* Products */;
			projectDirPath = "";
			projectRoot = "";
			targets = (
				8930F0321BBE695300F2EEEC /* Accomplish */,
				8930F04E1BBE695300F2EEEC /* AccomplishTests */,
				8930F0591BBE695300F2EEEC /* AccomplishUITests */,
			);
		};
/* End PBXProject section */

/* Begin PBXResourcesBuildPhase section */
		8930F0311BBE695300F2EEEC /* Resources */ = {
			isa = PBXResourcesBuildPhase;
			buildActionMask = 2147483647;
			files = (
				8930F0491BBE695300F2EEEC /* LaunchScreen.storyboard in Resources */,
				8930F0461BBE695300F2EEEC /* Assets.xcassets in Resources */,
				8930F0411BBE695300F2EEEC /* Main.storyboard in Resources */,
			);
			runOnlyForDeploymentPostprocessing = 0;
		};
		8930F04D1BBE695300F2EEEC /* Resources */ = {
			isa = PBXResourcesBuildPhase;
			buildActionMask = 2147483647;
			files = (
			);
			runOnlyForDeploymentPostprocessing = 0;
		};
		8930F0581BBE695300F2EEEC /* Resources */ = {
			isa = PBXResourcesBuildPhase;
			buildActionMask = 2147483647;
			files = (
			);
			runOnlyForDeploymentPostprocessing = 0;
		};
/* End PBXResourcesBuildPhase section */

/* Begin PBXShellScriptBuildPhase section */
		OBJCLEANCUSTOMRUNSCRIPTT /* Objective-Clean Run Script */ = {
			isa = PBXShellScriptBuildPhase;
			buildActionMask = 2147483647;
			files = (
			);
			inputPaths = (
			);
			name = "Objective-Clean Run Script";
			outputPaths = (
			);
			runOnlyForDeploymentPostprocessing = 0;
			shellPath = /bin/bash;
			shellScript = "if [[ -z ${SKIP_OBJCLEAN} || ${SKIP_OBJCLEAN} != 1 ]]; then\nif [[ -d \"${LOCAL_APPS_DIR}/Objective-Clean.app\" ]]; then \n\"${LOCAL_APPS_DIR}\"/Objective-Clean.app/Contents/Resources/ObjClean.app/Contents/MacOS/ObjClean \"${SRCROOT}\" \nelse\necho \"warning: You have to install and set up Objective-Clean to use its features!\" \nfi\nfi";
		};
/* End PBXShellScriptBuildPhase section */

/* Begin PBXSourcesBuildPhase section */
		8930F02F1BBE695300F2EEEC /* Sources */ = {
			isa = PBXSourcesBuildPhase;
			buildActionMask = 2147483647;
			files = (
				8916C1E21C7266B6003E12C8 /* ACDueDate+CoreDataProperties.m in Sources */,
				8930F06E1BBE698900F2EEEC /* ACViewController.m in Sources */,
				89E566841C6D1FF30023D60C /* MBAutoGrowingTextView.m in Sources */,
				8949F8C51C70FF8200DD02B7 /* ACCategory+CoreDataProperties.m in Sources */,
				8930F03B1BBE695300F2EEEC /* AppDelegate.m in Sources */,
				89AA95A91BF32B4A006CEE2F /* MGSwipeButton.m in Sources */,
				894E72951C4758580089CA0E /* BVReorderTableView.m in Sources */,
				89AD99BB1BBFC53100FBACE5 /* ACAddCategoryViewController.m in Sources */,
				894F45831BCEB98F00B5DB96 /* ACTableViewCell.m in Sources */,
				896FC6471C6481290045A7A2 /* SSCoreData.m in Sources */,
				89595A3A1BBFAA2F006C2331 /* ACSelectCategoryViewController.m in Sources */,
				891DCD051BC9305300940F9E /* ACReminderDateTableViewCell.m in Sources */,
				8997BC111CBBE9260026DF56 /* ACSelectCategoryTableViewCell.m in Sources */,
				8949F8B81C70D98600DD02B7 /* ACDueDate.m in Sources */,
				89FD79D91C2868A8005AD0D5 /* ACCategory.m in Sources */,
				89BE9A481C72759600E321BC /* UIDatePicker+HelperMethods.m in Sources */,
				89C99CF11BC838F20079C60A /* ACPriorityPickerTableViewCell.m in Sources */,
				892BB8E21BFC8763005F1482 /* ACCategoryTableViewCell.m in Sources */,
				8949F8CF1C71B87600DD02B7 /* UIApplication+CoreData.m in Sources */,
				892AD6F21C664B0E00CC8253 /* ACTask.m in Sources */,
				89BE9A451C72745300E321BC /* NSDateFormatter+HelperMethods.m in Sources */,
				892BB8EF1BFC95CC005F1482 /* ACDueDateTableViewCell.m in Sources */,
				8930F0741BBE735D00F2EEEC /* ACAddTaskViewController.m in Sources */,
				8930F0441BBE695300F2EEEC /* Accomplish.xcdatamodeld in Sources */,
				89E566811C6CE5B30023D60C /* UIColor+FlatColors.m in Sources */,
				89600BD91BC2EF9200973E5C /* ACPriority.m in Sources */,
				89F1900D1C0F80AF0026719B /* ACDueDatePickerCell.m in Sources */,
				891DCD081BC930FD00940F9E /* ACReminder.m in Sources */,
				89AA95AA1BF32B4A006CEE2F /* MGSwipeTableCell.m in Sources */,
				8949F8B21C70D95300DD02B7 /* ACTask+CoreDataProperties.m in Sources */,
				8930F0381BBE695300F2EEEC /* main.m in Sources */,
			);
			runOnlyForDeploymentPostprocessing = 0;
		};
		8930F04B1BBE695300F2EEEC /* Sources */ = {
			isa = PBXSourcesBuildPhase;
			buildActionMask = 2147483647;
			files = (
				8930F0541BBE695300F2EEEC /* AccomplishTests.m in Sources */,
			);
			runOnlyForDeploymentPostprocessing = 0;
		};
		8930F0561BBE695300F2EEEC /* Sources */ = {
			isa = PBXSourcesBuildPhase;
			buildActionMask = 2147483647;
			files = (
				8930F05F1BBE695300F2EEEC /* AccomplishUITests.m in Sources */,
			);
			runOnlyForDeploymentPostprocessing = 0;
		};
/* End PBXSourcesBuildPhase section */

/* Begin PBXTargetDependency section */
		8930F0511BBE695300F2EEEC /* PBXTargetDependency */ = {
			isa = PBXTargetDependency;
			target = 8930F0321BBE695300F2EEEC /* Accomplish */;
			targetProxy = 8930F0501BBE695300F2EEEC /* PBXContainerItemProxy */;
		};
		8930F05C1BBE695300F2EEEC /* PBXTargetDependency */ = {
			isa = PBXTargetDependency;
			target = 8930F0321BBE695300F2EEEC /* Accomplish */;
			targetProxy = 8930F05B1BBE695300F2EEEC /* PBXContainerItemProxy */;
		};
/* End PBXTargetDependency section */

/* Begin PBXVariantGroup section */
		8930F03F1BBE695300F2EEEC /* Main.storyboard */ = {
			isa = PBXVariantGroup;
			children = (
				8930F0401BBE695300F2EEEC /* Base */,
			);
			name = Main.storyboard;
			sourceTree = "<group>";
		};
		8930F0471BBE695300F2EEEC /* LaunchScreen.storyboard */ = {
			isa = PBXVariantGroup;
			children = (
				8930F0481BBE695300F2EEEC /* Base */,
			);
			name = LaunchScreen.storyboard;
			sourceTree = "<group>";
		};
/* End PBXVariantGroup section */

/* Begin XCBuildConfiguration section */
		8930F0611BBE695300F2EEEC /* Debug */ = {
			isa = XCBuildConfiguration;
			buildSettings = {
				ALWAYS_SEARCH_USER_PATHS = NO;
				CLANG_CXX_LANGUAGE_STANDARD = "gnu++0x";
				CLANG_CXX_LIBRARY = "libc++";
				CLANG_ENABLE_MODULES = YES;
				CLANG_ENABLE_OBJC_ARC = YES;
				CLANG_WARN_BOOL_CONVERSION = YES;
				CLANG_WARN_CONSTANT_CONVERSION = YES;
				CLANG_WARN_DIRECT_OBJC_ISA_USAGE = YES_ERROR;
				CLANG_WARN_EMPTY_BODY = YES;
				CLANG_WARN_ENUM_CONVERSION = YES;
				CLANG_WARN_INT_CONVERSION = YES;
				CLANG_WARN_OBJC_ROOT_CLASS = YES_ERROR;
				CLANG_WARN_UNREACHABLE_CODE = YES;
				CLANG_WARN__DUPLICATE_METHOD_MATCH = YES;
				"CODE_SIGN_IDENTITY[sdk=iphoneos*]" = "iPhone Developer";
				COPY_PHASE_STRIP = NO;
				DEBUG_INFORMATION_FORMAT = dwarf;
				ENABLE_STRICT_OBJC_MSGSEND = YES;
				ENABLE_TESTABILITY = YES;
				GCC_C_LANGUAGE_STANDARD = gnu99;
				GCC_DYNAMIC_NO_PIC = NO;
				GCC_NO_COMMON_BLOCKS = YES;
				GCC_OPTIMIZATION_LEVEL = 0;
				GCC_PREFIX_HEADER = "";
				GCC_PREPROCESSOR_DEFINITIONS = (
					"DEBUG=1",
					"$(inherited)",
				);
				GCC_WARN_64_TO_32_BIT_CONVERSION = YES;
				GCC_WARN_ABOUT_RETURN_TYPE = YES_ERROR;
				GCC_WARN_UNDECLARED_SELECTOR = YES;
				GCC_WARN_UNINITIALIZED_AUTOS = YES_AGGRESSIVE;
				GCC_WARN_UNUSED_FUNCTION = YES;
				GCC_WARN_UNUSED_VARIABLE = YES;
				IPHONEOS_DEPLOYMENT_TARGET = 9.1;
				MTL_ENABLE_DEBUG_INFO = YES;
				ONLY_ACTIVE_ARCH = YES;
				SDKROOT = iphoneos;
				TARGETED_DEVICE_FAMILY = "1,2";
			};
			name = Debug;
		};
		8930F0621BBE695300F2EEEC /* Release */ = {
			isa = XCBuildConfiguration;
			buildSettings = {
				ALWAYS_SEARCH_USER_PATHS = NO;
				CLANG_CXX_LANGUAGE_STANDARD = "gnu++0x";
				CLANG_CXX_LIBRARY = "libc++";
				CLANG_ENABLE_MODULES = YES;
				CLANG_ENABLE_OBJC_ARC = YES;
				CLANG_WARN_BOOL_CONVERSION = YES;
				CLANG_WARN_CONSTANT_CONVERSION = YES;
				CLANG_WARN_DIRECT_OBJC_ISA_USAGE = YES_ERROR;
				CLANG_WARN_EMPTY_BODY = YES;
				CLANG_WARN_ENUM_CONVERSION = YES;
				CLANG_WARN_INT_CONVERSION = YES;
				CLANG_WARN_OBJC_ROOT_CLASS = YES_ERROR;
				CLANG_WARN_UNREACHABLE_CODE = YES;
				CLANG_WARN__DUPLICATE_METHOD_MATCH = YES;
				"CODE_SIGN_IDENTITY[sdk=iphoneos*]" = "iPhone Developer";
				COPY_PHASE_STRIP = NO;
				DEBUG_INFORMATION_FORMAT = "dwarf-with-dsym";
				ENABLE_NS_ASSERTIONS = NO;
				ENABLE_STRICT_OBJC_MSGSEND = YES;
				GCC_C_LANGUAGE_STANDARD = gnu99;
				GCC_NO_COMMON_BLOCKS = YES;
				GCC_WARN_64_TO_32_BIT_CONVERSION = YES;
				GCC_WARN_ABOUT_RETURN_TYPE = YES_ERROR;
				GCC_WARN_UNDECLARED_SELECTOR = YES;
				GCC_WARN_UNINITIALIZED_AUTOS = YES_AGGRESSIVE;
				GCC_WARN_UNUSED_FUNCTION = YES;
				GCC_WARN_UNUSED_VARIABLE = YES;
				IPHONEOS_DEPLOYMENT_TARGET = 9.1;
				MTL_ENABLE_DEBUG_INFO = NO;
				SDKROOT = iphoneos;
				TARGETED_DEVICE_FAMILY = "1,2";
				VALIDATE_PRODUCT = YES;
			};
			name = Release;
		};
		8930F0641BBE695300F2EEEC /* Debug */ = {
			isa = XCBuildConfiguration;
			buildSettings = {
				ASSETCATALOG_COMPILER_APPICON_NAME = AppIcon;
				CODE_SIGN_IDENTITY = "iPhone Developer";
				INFOPLIST_FILE = Accomplish/Info.plist;
				IPHONEOS_DEPLOYMENT_TARGET = 9.0;
				LD_RUNPATH_SEARCH_PATHS = "$(inherited) @executable_path/Frameworks";
				PRODUCT_BUNDLE_IDENTIFIER = shrijitsingh.Accomplish;
				PRODUCT_NAME = "$(TARGET_NAME)";
				TARGETED_DEVICE_FAMILY = 1;
			};
			name = Debug;
		};
		8930F0651BBE695300F2EEEC /* Release */ = {
			isa = XCBuildConfiguration;
			buildSettings = {
				ASSETCATALOG_COMPILER_APPICON_NAME = AppIcon;
				CODE_SIGN_IDENTITY = "iPhone Developer";
				INFOPLIST_FILE = Accomplish/Info.plist;
				IPHONEOS_DEPLOYMENT_TARGET = 9.0;
				LD_RUNPATH_SEARCH_PATHS = "$(inherited) @executable_path/Frameworks";
				PRODUCT_BUNDLE_IDENTIFIER = shrijitsingh.Accomplish;
				PRODUCT_NAME = "$(TARGET_NAME)";
				TARGETED_DEVICE_FAMILY = 1;
			};
			name = Release;
		};
		8930F0671BBE695300F2EEEC /* Debug */ = {
			isa = XCBuildConfiguration;
			buildSettings = {
				BUNDLE_LOADER = "$(TEST_HOST)";
				INFOPLIST_FILE = AccomplishTests/Info.plist;
				LD_RUNPATH_SEARCH_PATHS = "$(inherited) @executable_path/Frameworks @loader_path/Frameworks";
				PRODUCT_BUNDLE_IDENTIFIER = shrijitsingh.AccomplishTests;
				PRODUCT_NAME = "$(TARGET_NAME)";
				TEST_HOST = "$(BUILT_PRODUCTS_DIR)/Accomplish.app/Accomplish";
			};
			name = Debug;
		};
		8930F0681BBE695300F2EEEC /* Release */ = {
			isa = XCBuildConfiguration;
			buildSettings = {
				BUNDLE_LOADER = "$(TEST_HOST)";
				INFOPLIST_FILE = AccomplishTests/Info.plist;
				LD_RUNPATH_SEARCH_PATHS = "$(inherited) @executable_path/Frameworks @loader_path/Frameworks";
				PRODUCT_BUNDLE_IDENTIFIER = shrijitsingh.AccomplishTests;
				PRODUCT_NAME = "$(TARGET_NAME)";
				TEST_HOST = "$(BUILT_PRODUCTS_DIR)/Accomplish.app/Accomplish";
			};
			name = Release;
		};
		8930F06A1BBE695300F2EEEC /* Debug */ = {
			isa = XCBuildConfiguration;
			buildSettings = {
				INFOPLIST_FILE = AccomplishUITests/Info.plist;
				LD_RUNPATH_SEARCH_PATHS = "$(inherited) @executable_path/Frameworks @loader_path/Frameworks";
				PRODUCT_BUNDLE_IDENTIFIER = shrijitsingh.AccomplishUITests;
				PRODUCT_NAME = "$(TARGET_NAME)";
				TEST_TARGET_NAME = Accomplish;
				USES_XCTRUNNER = YES;
			};
			name = Debug;
		};
		8930F06B1BBE695300F2EEEC /* Release */ = {
			isa = XCBuildConfiguration;
			buildSettings = {
				INFOPLIST_FILE = AccomplishUITests/Info.plist;
				LD_RUNPATH_SEARCH_PATHS = "$(inherited) @executable_path/Frameworks @loader_path/Frameworks";
				PRODUCT_BUNDLE_IDENTIFIER = shrijitsingh.AccomplishUITests;
				PRODUCT_NAME = "$(TARGET_NAME)";
				TEST_TARGET_NAME = Accomplish;
				USES_XCTRUNNER = YES;
			};
			name = Release;
		};
/* End XCBuildConfiguration section */

/* Begin XCConfigurationList section */
		8930F02E1BBE695300F2EEEC /* Build configuration list for PBXProject "Accomplish" */ = {
			isa = XCConfigurationList;
			buildConfigurations = (
				8930F0611BBE695300F2EEEC /* Debug */,
				8930F0621BBE695300F2EEEC /* Release */,
			);
			defaultConfigurationIsVisible = 0;
			defaultConfigurationName = Release;
		};
		8930F0631BBE695300F2EEEC /* Build configuration list for PBXNativeTarget "Accomplish" */ = {
			isa = XCConfigurationList;
			buildConfigurations = (
				8930F0641BBE695300F2EEEC /* Debug */,
				8930F0651BBE695300F2EEEC /* Release */,
			);
			defaultConfigurationIsVisible = 0;
			defaultConfigurationName = Release;
		};
		8930F0661BBE695300F2EEEC /* Build configuration list for PBXNativeTarget "AccomplishTests" */ = {
			isa = XCConfigurationList;
			buildConfigurations = (
				8930F0671BBE695300F2EEEC /* Debug */,
				8930F0681BBE695300F2EEEC /* Release */,
			);
			defaultConfigurationIsVisible = 0;
			defaultConfigurationName = Release;
		};
		8930F0691BBE695300F2EEEC /* Build configuration list for PBXNativeTarget "AccomplishUITests" */ = {
			isa = XCConfigurationList;
			buildConfigurations = (
				8930F06A1BBE695300F2EEEC /* Debug */,
				8930F06B1BBE695300F2EEEC /* Release */,
			);
			defaultConfigurationIsVisible = 0;
			defaultConfigurationName = Release;
		};
/* End XCConfigurationList section */

/* Begin XCVersionGroup section */
		8930F0421BBE695300F2EEEC /* Accomplish.xcdatamodeld */ = {
			isa = XCVersionGroup;
			children = (
				8930F0431BBE695300F2EEEC /* Accomplish.xcdatamodel */,
			);
			currentVersion = 8930F0431BBE695300F2EEEC /* Accomplish.xcdatamodel */;
			path = Accomplish.xcdatamodeld;
			sourceTree = "<group>";
			versionGroupType = wrapper.xcdatamodel;
		};
/* End XCVersionGroup section */
	};
	rootObject = 8930F02B1BBE695300F2EEEC /* Project object */;
}
